
Microsoft Visual Studio Solution File, Format Version 12.00
# Visual Studio 2013
VisualStudioVersion = 12.0.21005.1
MinimumVisualStudioVersion = 10.0.40219.1
Project("{8BC9CEB8-8B4A-11D0-8D11-00A0C91BC942}") = "习题4-7 最大公约数和最小公倍数", "习题4-7 最大公约数和最小公倍数\习题4-7 最大公约数和最小公倍数.vcxproj", "{24618C2E-C758-4EC8-94FB-978787956BFE}"
EndProject
Global
	GlobalSection(SolutionConfigurationPlatforms) = preSolution
		Debug|Win32 = Debug|Win32
		Release|Win32 = Release|Win32
	EndGlobalSection
	GlobalSection(ProjectConfigurationPlatforms) = postSolution
		{24618C2E-C758-4EC8-94FB-978787956BFE}.Debug|Win32.ActiveCfg = Debug|Win32
		{24618C2E-C758-4EC8-94FB-978787956BFE}.Debug|Win32.Build.0 = Debug|Win32
		{24618C2E-C758-4EC8-94FB-978787956BFE}.Release|Win32.ActiveCfg = Release|Win32
		{24618C2E-C758-4EC8-94FB-978787956BFE}.Release|Win32.Build.0 = Release|Win32
	EndGlobalSection
	GlobalSection(SolutionProperties) = preSolution
		HideSolutionNode = FALSE
	EndGlobalSection
EndGlobal
